%{
  "beam_notify": {:hex, :beam_notify, "1.0.0", "5b8dceed76f8ac4acadf4d2915ac85b98c42bb17d7dd58253c7593d2a0deedbd", [:make, :mix], [{:elixir_make, "~> 0.6", [hex: :elixir_make, repo: "hexpm", optional: false]}], "hexpm", "a80331f6c3596918affa408d91ed634106b7ae71b3fc589432363aca68378362"},
  "boundary": {:hex, :boundary, "0.9.4", "11f66efc6deeaae7637252b05c4f80ee73495ed96981038f83c840c0ee9f2755", [:mix], [], "hexpm", "3532aeb49fd2fdcb8f5762f3b1964d89832ef81b224dae2852a8a6dba3dec893"},
  "dialyxir": {:hex, :dialyxir, "1.2.0", "58344b3e87c2e7095304c81a9ae65cb68b613e28340690dfe1a5597fd08dec37", [:mix], [{:erlex, ">= 0.2.6", [hex: :erlex, repo: "hexpm", optional: false]}], "hexpm", "61072136427a851674cab81762be4dbeae7679f85b1272b6d25c3a839aff8463"},
  "elixir_make": {:hex, :elixir_make, "0.6.3", "bc07d53221216838d79e03a8019d0839786703129599e9619f4ab74c8c096eac", [:mix], [], "hexpm", "f5cbd651c5678bcaabdbb7857658ee106b12509cd976c2c2fca99688e1daf716"},
  "erlex": {:hex, :erlex, "0.2.6", "c7987d15e899c7a2f34f5420d2a2ea0d659682c06ac607572df55a43753aa12e", [:mix], [], "hexpm", "2ed2e25711feb44d52b17d2780eabf998452f6efda104877a3881c2f8c0c0c75"},
  "exsync": {:git, "https://github.com/falood/exsync.git", "6527dd3c91a41d7d0e284255dd1d675fbb48afad", []},
  "file_system": {:hex, :file_system, "0.2.10", "fb082005a9cd1711c05b5248710f8826b02d7d1784e7c3451f9c1231d4fc162d", [:mix], [], "hexpm", "41195edbfb562a593726eda3b3e8b103a309b733ad25f3d642ba49696bf715dc"},
  "jason": {:hex, :jason, "1.4.0", "e855647bc964a44e2f67df589ccf49105ae039d4179db7f6271dfd3843dc27e6", [:mix], [{:decimal, "~> 1.0 or ~> 2.0", [hex: :decimal, repo: "hexpm", optional: true]}], "hexpm", "79a3791085b2a0f743ca04cec0f7be26443738779d09302e01318f97bdb82121"},
  "libcluster": {:hex, :libcluster, "3.3.1", "e7a4875cd1290cee7a693d6bd46076863e9e433708b01339783de6eff5b7f0aa", [:mix], [{:jason, "~> 1.1", [hex: :jason, repo: "hexpm", optional: false]}], "hexpm", "b575ca63c1cd84e01f3fa0fc45e6eb945c1ee7ae8d441d33def999075e9e5398"},
  "pid_file": {:hex, :pid_file, "0.1.1", "66eb4dc73c15852405d99ccf0982f8fdac8fa7084b8ec82057c2b3391e8e6b0d", [:mix], [], "hexpm", "10bc02c6fde8a51e6c0c8404703fdc63e035dea41d5bc97d518135dd0fa10266"},
  "typed_struct": {:hex, :typed_struct, "0.2.1", "e1993414c371f09ff25231393b6430bd89d780e2a499ae3b2d2b00852f593d97", [:mix], [], "hexpm", "8f5218c35ec38262f627b2c522542f1eae41f625f92649c0af701a6fab2e11b3"},
}
